
Microsoft Visual Studio Solution File, Format Version 12.00
# Visual Studio Version 17
VisualStudioVersion = 17.2.32526.322
MinimumVisualStudioVersion = 10.0.40219.1
Project("{FAE04EC0-301F-11D3-BF4B-00C04F79EFBC}") = "JobApplication", "JobApplication\JobApplication.csproj", "{2BD36F03-90BC-4412-A135-6620B5F01EBD}"
EndProject
Global
	GlobalSection(SolutionConfigurationPlatforms) = preSolution
		Debug|Any CPU = Debug|Any CPU
		Release|Any CPU = Release|Any CPU
	EndGlobalSection
	GlobalSection(ProjectConfigurationPlatforms) = postSolution
		{2BD36F03-90BC-4412-A135-6620B5F01EBD}.Debug|Any CPU.ActiveCfg = Debug|Any CPU
		{2BD36F03-90BC-4412-A135-6620B5F01EBD}.Debug|Any CPU.Build.0 = Debug|Any CPU
		{2BD36F03-90BC-4412-A135-6620B5F01EBD}.Release|Any CPU.ActiveCfg = Release|Any CPU
		{2BD36F03-90BC-4412-A135-6620B5F01EBD}.Release|Any CPU.Build.0 = Release|Any CPU
	EndGlobalSection
	GlobalSection(SolutionProperties) = preSolution
		HideSolutionNode = FALSE
	EndGlobalSection
	GlobalSection(ExtensibilityGlobals) = postSolution
		SolutionGuid = {14036259-BE1C-4D5E-939A-5C575FA49EDC}
	EndGlobalSection
EndGlobal
